
Microsoft Visual Studio Solution File, Format Version 12.00
# Visual Studio 15
VisualStudioVersion = 15.0.28307.852
MinimumVisualStudioVersion = 10.0.40219.1
Project("{FAE04EC0-301F-11D3-BF4B-00C04F79EFBC}") = "Loading", "Loading\Loading.csproj", "{F4ADC93A-8AA5-42DF-AD0D-A36B7A57B486}"
EndProject
Global
	GlobalSection(SolutionConfigurationPlatforms) = preSolution
		Debug|Any CPU = Debug|Any CPU
		Release|Any CPU = Release|Any CPU
	EndGlobalSection
	GlobalSection(ProjectConfigurationPlatforms) = postSolution
		{F4ADC93A-8AA5-42DF-AD0D-A36B7A57B486}.Debug|Any CPU.ActiveCfg = Debug|Any CPU
		{F4ADC93A-8AA5-42DF-AD0D-A36B7A57B486}.Debug|Any CPU.Build.0 = Debug|Any CPU
		{F4ADC93A-8AA5-42DF-AD0D-A36B7A57B486}.Release|Any CPU.ActiveCfg = Release|Any CPU
		{F4ADC93A-8AA5-42DF-AD0D-A36B7A57B486}.Release|Any CPU.Build.0 = Release|Any CPU
	EndGlobalSection
	GlobalSection(SolutionProperties) = preSolution
		HideSolutionNode = FALSE
	EndGlobalSection
	GlobalSection(ExtensibilityGlobals) = postSolution
		SolutionGuid = {C071F36B-A314-46D3-ACB7-56A418DED577}
	EndGlobalSection
EndGlobal
