
Microsoft Visual Studio Solution File, Format Version 12.00
# Visual Studio 15
VisualStudioVersion = 15.0.28307.852
MinimumVisualStudioVersion = 10.0.40219.1
Project("{888888A0-9F3D-457C-B088-3A5042F75D52}") = "PythonDatetime", "PythonDatetime\PythonDatetime.pyproj", "{5A01EA58-AEA7-4629-8E11-141FA32AC582}"
EndProject
Global
	GlobalSection(SolutionConfigurationPlatforms) = preSolution
		Debug|Any CPU = Debug|Any CPU
		Release|Any CPU = Release|Any CPU
	EndGlobalSection
	GlobalSection(ProjectConfigurationPlatforms) = postSolution
		{5A01EA58-AEA7-4629-8E11-141FA32AC582}.Debug|Any CPU.ActiveCfg = Debug|Any CPU
		{5A01EA58-AEA7-4629-8E11-141FA32AC582}.Release|Any CPU.ActiveCfg = Release|Any CPU
	EndGlobalSection
	GlobalSection(SolutionProperties) = preSolution
		HideSolutionNode = FALSE
	EndGlobalSection
	GlobalSection(ExtensibilityGlobals) = postSolution
		SolutionGuid = {06C484AB-4E15-4917-97D7-425219FCF218}
	EndGlobalSection
EndGlobal
