
Microsoft Visual Studio Solution File, Format Version 12.00
# Visual Studio 15
VisualStudioVersion = 15.0.28307.852
MinimumVisualStudioVersion = 10.0.40219.1
Project("{FAE04EC0-301F-11D3-BF4B-00C04F79EFBC}") = "ExercicioEad01", "ExercicioEad01\ExercicioEad01.csproj", "{A646A22C-1C2D-4167-867A-7E1B833C6B92}"
EndProject
Global
	GlobalSection(SolutionConfigurationPlatforms) = preSolution
		Debug|Any CPU = Debug|Any CPU
		Release|Any CPU = Release|Any CPU
	EndGlobalSection
	GlobalSection(ProjectConfigurationPlatforms) = postSolution
		{A646A22C-1C2D-4167-867A-7E1B833C6B92}.Debug|Any CPU.ActiveCfg = Debug|Any CPU
		{A646A22C-1C2D-4167-867A-7E1B833C6B92}.Debug|Any CPU.Build.0 = Debug|Any CPU
		{A646A22C-1C2D-4167-867A-7E1B833C6B92}.Release|Any CPU.ActiveCfg = Release|Any CPU
		{A646A22C-1C2D-4167-867A-7E1B833C6B92}.Release|Any CPU.Build.0 = Release|Any CPU
	EndGlobalSection
	GlobalSection(SolutionProperties) = preSolution
		HideSolutionNode = FALSE
	EndGlobalSection
	GlobalSection(ExtensibilityGlobals) = postSolution
		SolutionGuid = {B39A3721-20EA-4242-A355-2C134DF36A1A}
	EndGlobalSection
EndGlobal
