
Microsoft Visual Studio Solution File, Format Version 12.00
# Visual Studio 15
VisualStudioVersion = 15.0.28307.852
MinimumVisualStudioVersion = 10.0.40219.1
Project("{888888A0-9F3D-457C-B088-3A5042F75D52}") = "VetoresAlunos", "VetoresAlunos\VetoresAlunos.pyproj", "{AE3E4E9F-6EF1-4670-9C72-A836CBE5EDE4}"
EndProject
Global
	GlobalSection(SolutionConfigurationPlatforms) = preSolution
		Debug|Any CPU = Debug|Any CPU
		Release|Any CPU = Release|Any CPU
	EndGlobalSection
	GlobalSection(ProjectConfigurationPlatforms) = postSolution
		{AE3E4E9F-6EF1-4670-9C72-A836CBE5EDE4}.Debug|Any CPU.ActiveCfg = Debug|Any CPU
		{AE3E4E9F-6EF1-4670-9C72-A836CBE5EDE4}.Release|Any CPU.ActiveCfg = Release|Any CPU
	EndGlobalSection
	GlobalSection(SolutionProperties) = preSolution
		HideSolutionNode = FALSE
	EndGlobalSection
	GlobalSection(ExtensibilityGlobals) = postSolution
		SolutionGuid = {24DDEBCE-4F6A-4D47-8C52-1E6A142A1553}
	EndGlobalSection
EndGlobal
